lockfileVersion: 5.3

specifiers:
  flat: ^5.0.2
  prettyjson: ^1.2.1

dependencies:
  flat: 5.0.2
  prettyjson: 1.2.1

packages:

  /colors/1.4.0:
    resolution: {integrity: sha512-a+UqTh4kgZg/SlGvfbzDHpgRu7AAQOmmqRHJnxhRZICKFUT91brVhNNt58CMWU9PsBbv3PDCZUHbVxuDiH2mtA==}
    engines: {node: '>=0.1.90'}
    dev: false

  /flat/5.0.2:
    resolution: {integrity: sha512-b6suED+5/3rTpUBdG1gupIl8MPFCAMA0QXwmljLhvCUKcUvdE4gWky9zpuGCcXHOsz4J9wPGNWq6OKpmIzz3hQ==}
    hasBin: true
    dev: false

  /minimist/1.2.5:
    resolution: {integrity: sha512-FM9nNUYrRBAELZQT3xeZQ7fmMOBg6nWNmJKTcgsJeaLstP/UODVpGsr5OhXhhXg6f+qtJ8uiZ+PUxkDWcgIXLw==}
    dev: false

  /prettyjson/1.2.1:
    resolution: {integrity: sha1-/P+rQdGcq0365eV15kJGYZsS0ok=}
    hasBin: true
    dependencies:
      colors: 1.4.0
      minimist: 1.2.5
    dev: false
